
Microsoft Visual Studio Solution File, Format Version 12.00
# Visual Studio 2012
Project("{FAE04EC0-301F-11D3-BF4B-00C04F79EFBC}") = "TrumpTown", "TrumpTown\TrumpTown.csproj", "{058842F8-D4AC-4E49-A92F-69A15D69873D}"
EndProject
Global
	GlobalSection(SolutionConfigurationPlatforms) = preSolution
		Debug|Any CPU = Debug|Any CPU
		Release|Any CPU = Release|Any CPU
	EndGlobalSection
	GlobalSection(ProjectConfigurationPlatforms) = postSolution
		{058842F8-D4AC-4E49-A92F-69A15D69873D}.Debug|Any CPU.ActiveCfg = Debug|Any CPU
		{058842F8-D4AC-4E49-A92F-69A15D69873D}.Debug|Any CPU.Build.0 = Debug|Any CPU
		{058842F8-D4AC-4E49-A92F-69A15D69873D}.Release|Any CPU.ActiveCfg = Release|Any CPU
		{058842F8-D4AC-4E49-A92F-69A15D69873D}.Release|Any CPU.Build.0 = Release|Any CPU
	EndGlobalSection
	GlobalSection(SolutionProperties) = preSolution
		HideSolutionNode = FALSE
	EndGlobalSection
EndGlobal
